// !$*UTF8*$!
{
	archiveVersion = 1;
	classes = {
	};
	objectVersion = 46;
	objects = {

/* Begin PBXBuildFile section */
		9346217B19B698E700A8CCF7 /* Foundation.framework in Frameworks */ = {isa = PBXBuildFile; fileRef = 9346217A19B698E700A8CCF7 /* Foundation.framework */; };
		9346217D19B698E700A8CCF7 /* CoreGraphics.framework in Frameworks */ = {isa = PBXBuildFile; fileRef = 9346217C19B698E700A8CCF7 /* CoreGraphics.framework */; };
		9346217F19B698E700A8CCF7 /* UIKit.framework in Frameworks */ = {isa = PBXBuildFile; fileRef = 9346217E19B698E700A8CCF7 /* UIKit.framework */; };
		9346218519B698E700A8CCF7 /* InfoPlist.strings in Resources */ = {isa = PBXBuildFile; fileRef = 9346218319B698E700A8CCF7 /* InfoPlist.strings */; };
		9346218719B698E700A8CCF7 /* main.m in Sources */ = {isa = PBXBuildFile; fileRef = 9346218619B698E700A8CCF7 /* main.m */; };
		9346218B19B698E700A8CCF7 /* ChatServerAppDelegate.m in Sources */ = {isa = PBXBuildFile; fileRef = 9346218A19B698E700A8CCF7 /* ChatServerAppDelegate.m */; };
		9346218E19B698E700A8CCF7 /* Main.storyboard in Resources */ = {isa = PBXBuildFile; fileRef = 9346218C19B698E700A8CCF7 /* Main.storyboard */; };
		9346219119B698E700A8CCF7 /* ChatServerViewController.m in Sources */ = {isa = PBXBuildFile; fileRef = 9346219019B698E700A8CCF7 /* ChatServerViewController.m */; };
		9346219319B698E700A8CCF7 /* Images.xcassets in Resources */ = {isa = PBXBuildFile; fileRef = 9346219219B698E700A8CCF7 /* Images.xcassets */; };
		9346219A19B698E700A8CCF7 /* XCTest.framework in Frameworks */ = {isa = PBXBuildFile; fileRef = 9346219919B698E700A8CCF7 /* XCTest.framework */; };
		9346219B19B698E700A8CCF7 /* Foundation.framework in Frameworks */ = {isa = PBXBuildFile; fileRef = 9346217A19B698E700A8CCF7 /* Foundation.framework */; };
		9346219C19B698E700A8CCF7 /* UIKit.framework in Frameworks */ = {isa = PBXBuildFile; fileRef = 9346217E19B698E700A8CCF7 /* UIKit.framework */; };
		934621A419B698E700A8CCF7 /* InfoPlist.strings in Resources */ = {isa = PBXBuildFile; fileRef = 934621A219B698E700A8CCF7 /* InfoPlist.strings */; };
		934621A619B698E700A8CCF7 /* basic_chat_server_clientTests.m in Sources */ = {isa = PBXBuildFile; fileRef = 934621A519B698E700A8CCF7 /* basic_chat_server_clientTests.m */; };
		934621B019B69E8600A8CCF7 /* aldnoah.jpg in Resources */ = {isa = PBXBuildFile; fileRef = 934621AF19B69E8600A8CCF7 /* aldnoah.jpg */; };
		934621B219B6A0BD00A8CCF7 /* newtex.png in Resources */ = {isa = PBXBuildFile; fileRef = 934621B119B6A0BD00A8CCF7 /* newtex.png */; };
/* End PBXBuildFile section */

/* Begin PBXContainerItemProxy section */
		9346219D19B698E700A8CCF7 /* PBXContainerItemProxy */ = {
			isa = PBXContainerItemProxy;
			containerPortal = 9346216F19B698E700A8CCF7 /* Project object */;
			proxyType = 1;
			remoteGlobalIDString = 9346217619B698E700A8CCF7;
			remoteInfo = "basic-chat-server-client";
		};
/* End PBXContainerItemProxy section */

/* Begin PBXFileReference section */
		9346217719B698E700A8CCF7 /* basic-chat-server-client.app */ = {isa = PBXFileReference; explicitFileType = wrapper.application; includeInIndex = 0; path = "basic-chat-server-client.app"; sourceTree = BUILT_PRODUCTS_DIR; };
		9346217A19B698E700A8CCF7 /* Foundation.framework */ = {isa = PBXFileReference; lastKnownFileType = wrapper.framework; name = Foundation.framework; path = System/Library/Frameworks/Foundation.framework; sourceTree = SDKROOT; };
		9346217C19B698E700A8CCF7 /* CoreGraphics.framework */ = {isa = PBXFileReference; lastKnownFileType = wrapper.framework; name = CoreGraphics.framework; path = System/Library/Frameworks/CoreGraphics.framework; sourceTree = SDKROOT; };
		9346217E19B698E700A8CCF7 /* UIKit.framework */ = {isa = PBXFileReference; lastKnownFileType = wrapper.framework; name = UIKit.framework; path = System/Library/Frameworks/UIKit.framework; sourceTree = SDKROOT; };
		9346218219B698E700A8CCF7 /* basic-chat-server-client-Info.plist */ = {isa = PBXFileReference; lastKnownFileType = text.plist.xml; path = "basic-chat-server-client-Info.plist"; sourceTree = "<group>"; };
		9346218419B698E700A8CCF7 /* en */ = {isa = PBXFileReference; lastKnownFileType = text.plist.strings; name = en; path = en.lproj/InfoPlist.strings; sourceTree = "<group>"; };
		9346218619B698E700A8CCF7 /* main.m */ = {isa = PBXFileReference; lastKnownFileType = sourcecode.c.objc; path = main.m; sourceTree = "<group>"; };
		9346218819B698E700A8CCF7 /* basic-chat-server-client-Prefix.pch */ = {isa = PBXFileReference; lastKnownFileType = sourcecode.c.h; path = "basic-chat-server-client-Prefix.pch"; sourceTree = "<group>"; };
		9346218919B698E700A8CCF7 /* ChatServerAppDelegate.h */ = {isa = PBXFileReference; lastKnownFileType = sourcecode.c.h; path = ChatServerAppDelegate.h; sourceTree = "<group>"; };
		9346218A19B698E700A8CCF7 /* ChatServerAppDelegate.m */ = {isa = PBXFileReference; lastKnownFileType = sourcecode.c.objc; path = ChatServerAppDelegate.m; sourceTree = "<group>"; };
		9346218D19B698E700A8CCF7 /* Base */ = {isa = PBXFileReference; lastKnownFileType = file.storyboard; name = Base; path = Base.lproj/Main.storyboard; sourceTree = "<group>"; };
		9346218F19B698E700A8CCF7 /* ChatServerViewController.h */ = {isa = PBXFileReference; lastKnownFileType = sourcecode.c.h; path = ChatServerViewController.h; sourceTree = "<group>"; };
		9346219019B698E700A8CCF7 /* ChatServerViewController.m */ = {isa = PBXFileReference; lastKnownFileType = sourcecode.c.objc; path = ChatServerViewController.m; sourceTree = "<group>"; };
		9346219219B698E700A8CCF7 /* Images.xcassets */ = {isa = PBXFileReference; lastKnownFileType = folder.assetcatalog; path = Images.xcassets; sourceTree = "<group>"; };
		9346219819B698E700A8CCF7 /* basic-chat-server-clientTests.xctest */ = {isa = PBXFileReference; explicitFileType = wrapper.cfbundle; includeInIndex = 0; path = "basic-chat-server-clientTests.xctest"; sourceTree = BUILT_PRODUCTS_DIR; };
		9346219919B698E700A8CCF7 /* XCTest.framework */ = {isa = PBXFileReference; lastKnownFileType = wrapper.framework; name = XCTest.framework; path = Library/Frameworks/XCTest.framework; sourceTree = DEVELOPER_DIR; };
		934621A119B698E700A8CCF7 /* basic-chat-server-clientTests-Info.plist */ = {isa = PBXFileReference; lastKnownFileType = text.plist.xml; path = "basic-chat-server-clientTests-Info.plist"; sourceTree = "<group>"; };
		934621A319B698E700A8CCF7 /* en */ = {isa = PBXFileReference; lastKnownFileType = text.plist.strings; name = en; path = en.lproj/InfoPlist.strings; sourceTree = "<group>"; };
		934621A519B698E700A8CCF7 /* basic_chat_server_clientTests.m */ = {isa = PBXFileReference; lastKnownFileType = sourcecode.c.objc; path = basic_chat_server_clientTests.m; sourceTree = "<group>"; };
		934621AF19B69E8600A8CCF7 /* aldnoah.jpg */ = {isa = PBXFileReference; lastKnownFileType = image.jpeg; path = aldnoah.jpg; sourceTree = "<group>"; };
		934621B119B6A0BD00A8CCF7 /* newtex.png */ = {isa = PBXFileReference; lastKnownFileType = image.png; path = newtex.png; sourceTree = "<group>"; };
/* End PBXFileReference section */

/* Begin PBXFrameworksBuildPhase section */
		9346217419B698E700A8CCF7 /* Frameworks */ = {
			isa = PBXFrameworksBuildPhase;
			buildActionMask = 2147483647;
			files = (
				9346217D19B698E700A8CCF7 /* CoreGraphics.framework in Frameworks */,
				9346217F19B698E700A8CCF7 /* UIKit.framework in Frameworks */,
				9346217B19B698E700A8CCF7 /* Foundation.framework in Frameworks */,
			);
			runOnlyForDeploymentPostprocessing = 0;
		};
		9346219519B698E700A8CCF7 /* Frameworks */ = {
			isa = PBXFrameworksBuildPhase;
			buildActionMask = 2147483647;
			files = (
				9346219A19B698E700A8CCF7 /* XCTest.framework in Frameworks */,
				9346219C19B698E700A8CCF7 /* UIKit.framework in Frameworks */,
				9346219B19B698E700A8CCF7 /* Foundation.framework in Frameworks */,
			);
			runOnlyForDeploymentPostprocessing = 0;
		};
/* End PBXFrameworksBuildPhase section */

/* Begin PBXGroup section */
		9346216E19B698E700A8CCF7 = {
			isa = PBXGroup;
			children = (
				9346218019B698E700A8CCF7 /* basic-chat-server-client */,
				9346219F19B698E700A8CCF7 /* basic-chat-server-clientTests */,
				9346217919B698E700A8CCF7 /* Frameworks */,
				9346217819B698E700A8CCF7 /* Products */,
			);
			sourceTree = "<group>";
		};
		9346217819B698E700A8CCF7 /* Products */ = {
			isa = PBXGroup;
			children = (
				9346217719B698E700A8CCF7 /* basic-chat-server-client.app */,
				9346219819B698E700A8CCF7 /* basic-chat-server-clientTests.xctest */,
			);
			name = Products;
			sourceTree = "<group>";
		};
		9346217919B698E700A8CCF7 /* Frameworks */ = {
			isa = PBXGroup;
			children = (
				9346217A19B698E700A8CCF7 /* Foundation.framework */,
				9346217C19B698E700A8CCF7 /* CoreGraphics.framework */,
				9346217E19B698E700A8CCF7 /* UIKit.framework */,
				9346219919B698E700A8CCF7 /* XCTest.framework */,
			);
			name = Frameworks;
			sourceTree = "<group>";
		};
		9346218019B698E700A8CCF7 /* basic-chat-server-client */ = {
			isa = PBXGroup;
			children = (
				9346218919B698E700A8CCF7 /* ChatServerAppDelegate.h */,
				9346218A19B698E700A8CCF7 /* ChatServerAppDelegate.m */,
				9346218C19B698E700A8CCF7 /* Main.storyboard */,
				9346218F19B698E700A8CCF7 /* ChatServerViewController.h */,
				9346219019B698E700A8CCF7 /* ChatServerViewController.m */,
				934621AF19B69E8600A8CCF7 /* aldnoah.jpg */,
				934621B119B6A0BD00A8CCF7 /* newtex.png */,
				9346219219B698E700A8CCF7 /* Images.xcassets */,
				9346218119B698E700A8CCF7 /* Supporting Files */,
			);
			path = "basic-chat-server-client";
			sourceTree = "<group>";
		};
		9346218119B698E700A8CCF7 /* Supporting Files */ = {
			isa = PBXGroup;
			children = (
				9346218219B698E700A8CCF7 /* basic-chat-server-client-Info.plist */,
				9346218319B698E700A8CCF7 /* InfoPlist.strings */,
				9346218619B698E700A8CCF7 /* main.m */,
				9346218819B698E700A8CCF7 /* basic-chat-server-client-Prefix.pch */,
			);
			name = "Supporting Files";
			sourceTree = "<group>";
		};
		9346219F19B698E700A8CCF7 /* basic-chat-server-clientTests */ = {
			isa = PBXGroup;
			children = (
				934621A519B698E700A8CCF7 /* basic_chat_server_clientTests.m */,
				934621A019B698E700A8CCF7 /* Supporting Files */,
			);
			path = "basic-chat-server-clientTests";
			sourceTree = "<group>";
		};
		934621A019B698E700A8CCF7 /* Supporting Files */ = {
			isa = PBXGroup;
			children = (
				934621A119B698E700A8CCF7 /* basic-chat-server-clientTests-Info.plist */,
				934621A219B698E700A8CCF7 /* InfoPlist.strings */,
			);
			name = "Supporting Files";
			sourceTree = "<group>";
		};
/* End PBXGroup section */

/* Begin PBXNativeTarget section */
		9346217619B698E700A8CCF7 /* basic-chat-server-client */ = {
			isa = PBXNativeTarget;
			buildConfigurationList = 934621A919B698E700A8CCF7 /* Build configuration list for PBXNativeTarget "basic-chat-server-client" */;
			buildPhases = (
				9346217319B698E700A8CCF7 /* Sources */,
				9346217419B698E700A8CCF7 /* Frameworks */,
				9346217519B698E700A8CCF7 /* Resources */,
			);
			buildRules = (
			);
			dependencies = (
			);
			name = "basic-chat-server-client";
			productName = "basic-chat-server-client";
			productReference = 9346217719B698E700A8CCF7 /* basic-chat-server-client.app */;
			productType = "com.apple.product-type.application";
		};
		9346219719B698E700A8CCF7 /* basic-chat-server-clientTests */ = {
			isa = PBXNativeTarget;
			buildConfigurationList = 934621AC19B698E700A8CCF7 /* Build configuration list for PBXNativeTarget "basic-chat-server-clientTests" */;
			buildPhases = (
				9346219419B698E700A8CCF7 /* Sources */,
				9346219519B698E700A8CCF7 /* Frameworks */,
				9346219619B698E700A8CCF7 /* Resources */,
			);
			buildRules = (
			);
			dependencies = (
				9346219E19B698E700A8CCF7 /* PBXTargetDependency */,
			);
			name = "basic-chat-server-clientTests";
			productName = "basic-chat-server-clientTests";
			productReference = 9346219819B698E700A8CCF7 /* basic-chat-server-clientTests.xctest */;
			productType = "com.apple.product-type.bundle.unit-test";
		};
/* End PBXNativeTarget section */

/* Begin PBXProject section */
		9346216F19B698E700A8CCF7 /* Project object */ = {
			isa = PBXProject;
			attributes = {
				CLASSPREFIX = ChatServer;
				LastUpgradeCheck = 0510;
				ORGANIZATIONNAME = com.d_m;
				TargetAttributes = {
					9346219719B698E700A8CCF7 = {
						TestTargetID = 9346217619B698E700A8CCF7;
					};
				};
			};
			buildConfigurationList = 9346217219B698E700A8CCF7 /* Build configuration list for PBXProject "basic-chat-server-client" */;
			compatibilityVersion = "Xcode 3.2";
			developmentRegion = English;
			hasScannedForEncodings = 0;
			knownRegions = (
				en,
				Base,
			);
			mainGroup = 9346216E19B698E700A8CCF7;
			productRefGroup = 9346217819B698E700A8CCF7 /* Products */;
			projectDirPath = "";
			projectRoot = "";
			targets = (
				9346217619B698E700A8CCF7 /* basic-chat-server-client */,
				9346219719B698E700A8CCF7 /* basic-chat-server-clientTests */,
			);
		};
/* End PBXProject section */

/* Begin PBXResourcesBuildPhase section */
		9346217519B698E700A8CCF7 /* Resources */ = {
			isa = PBXResourcesBuildPhase;
			buildActionMask = 2147483647;
			files = (
				934621B219B6A0BD00A8CCF7 /* newtex.png in Resources */,
				9346219319B698E700A8CCF7 /* Images.xcassets in Resources */,
				934621B019B69E8600A8CCF7 /* aldnoah.jpg in Resources */,
				9346218519B698E700A8CCF7 /* InfoPlist.strings in Resources */,
				9346218E19B698E700A8CCF7 /* Main.storyboard in Resources */,
			);
			runOnlyForDeploymentPostprocessing = 0;
		};
		9346219619B698E700A8CCF7 /* Resources */ = {
			isa = PBXResourcesBuildPhase;
			buildActionMask = 2147483647;
			files = (
				934621A419B698E700A8CCF7 /* InfoPlist.strings in Resources */,
			);
			runOnlyForDeploymentPostprocessing = 0;
		};
/* End PBXResourcesBuildPhase section */

/* Begin PBXSourcesBuildPhase section */
		9346217319B698E700A8CCF7 /* Sources */ = {
			isa = PBXSourcesBuildPhase;
			buildActionMask = 2147483647;
			files = (
				9346218719B698E700A8CCF7 /* main.m in Sources */,
				9346219119B698E700A8CCF7 /* ChatServerViewController.m in Sources */,
				9346218B19B698E700A8CCF7 /* ChatServerAppDelegate.m in Sources */,
			);
			runOnlyForDeploymentPostprocessing = 0;
		};
		9346219419B698E700A8CCF7 /* Sources */ = {
			isa = PBXSourcesBuildPhase;
			buildActionMask = 2147483647;
			files = (
				934621A619B698E700A8CCF7 /* basic_chat_server_clientTests.m in Sources */,
			);
			runOnlyForDeploymentPostprocessing = 0;
		};
/* End PBXSourcesBuildPhase section */

/* Begin PBXTargetDependency section */
		9346219E19B698E700A8CCF7 /* PBXTargetDependency */ = {
			isa = PBXTargetDependency;
			target = 9346217619B698E700A8CCF7 /* basic-chat-server-client */;
			targetProxy = 9346219D19B698E700A8CCF7 /* PBXContainerItemProxy */;
		};
/* End PBXTargetDependency section */

/* Begin PBXVariantGroup section */
		9346218319B698E700A8CCF7 /* InfoPlist.strings */ = {
			isa = PBXVariantGroup;
			children = (
				9346218419B698E700A8CCF7 /* en */,
			);
			name = InfoPlist.strings;
			sourceTree = "<group>";
		};
		9346218C19B698E700A8CCF7 /* Main.storyboard */ = {
			isa = PBXVariantGroup;
			children = (
				9346218D19B698E700A8CCF7 /* Base */,
			);
			name = Main.storyboard;
			sourceTree = "<group>";
		};
		934621A219B698E700A8CCF7 /* InfoPlist.strings */ = {
			isa = PBXVariantGroup;
			children = (
				934621A319B698E700A8CCF7 /* en */,
			);
			name = InfoPlist.strings;
			sourceTree = "<group>";
		};
/* End PBXVariantGroup section */

/* Begin XCBuildConfiguration section */
		934621A719B698E700A8CCF7 /* Debug */ = {
			isa = XCBuildConfiguration;
			buildSettings = {
				ALWAYS_SEARCH_USER_PATHS = NO;
				CLANG_CXX_LANGUAGE_STANDARD = "gnu++0x";
				CLANG_CXX_LIBRARY = "libc++";
				CLANG_ENABLE_MODULES = YES;
				CLANG_ENABLE_OBJC_ARC = YES;
				CLANG_WARN_BOOL_CONVERSION = YES;
				CLANG_WARN_CONSTANT_CONVERSION = YES;
				CLANG_WARN_DIRECT_OBJC_ISA_USAGE = YES_ERROR;
				CLANG_WARN_EMPTY_BODY = YES;
				CLANG_WARN_ENUM_CONVERSION = YES;
				CLANG_WARN_INT_CONVERSION = YES;
				CLANG_WARN_OBJC_ROOT_CLASS = YES_ERROR;
				CLANG_WARN__DUPLICATE_METHOD_MATCH = YES;
				"CODE_SIGN_IDENTITY[sdk=iphoneos*]" = "iPhone Developer";
				COPY_PHASE_STRIP = NO;
				GCC_C_LANGUAGE_STANDARD = gnu99;
				GCC_DYNAMIC_NO_PIC = NO;
				GCC_OPTIMIZATION_LEVEL = 0;
				GCC_PREPROCESSOR_DEFINITIONS = (
					"DEBUG=1",
					"$(inherited)",
				);
				GCC_SYMBOLS_PRIVATE_EXTERN = NO;
				GCC_WARN_64_TO_32_BIT_CONVERSION = YES;
				GCC_WARN_ABOUT_RETURN_TYPE = YES_ERROR;
				GCC_WARN_UNDECLARED_SELECTOR = YES;
				GCC_WARN_UNINITIALIZED_AUTOS = YES_AGGRESSIVE;
				GCC_WARN_UNUSED_FUNCTION = YES;
				GCC_WARN_UNUSED_VARIABLE = YES;
				IPHONEOS_DEPLOYMENT_TARGET = 7.1;
				ONLY_ACTIVE_ARCH = YES;
				SDKROOT = iphoneos;
			};
			name = Debug;
		};
		934621A819B698E700A8CCF7 /* Release */ = {
			isa = XCBuildConfiguration;
			buildSettings = {
				ALWAYS_SEARCH_USER_PATHS = NO;
				CLANG_CXX_LANGUAGE_STANDARD = "gnu++0x";
				CLANG_CXX_LIBRARY = "libc++";
				CLANG_ENABLE_MODULES = YES;
				CLANG_ENABLE_OBJC_ARC = YES;
				CLANG_WARN_BOOL_CONVERSION = YES;
				CLANG_WARN_CONSTANT_CONVERSION = YES;
				CLANG_WARN_DIRECT_OBJC_ISA_USAGE = YES_ERROR;
				CLANG_WARN_EMPTY_BODY = YES;
				CLANG_WARN_ENUM_CONVERSION = YES;
				CLANG_WARN_INT_CONVERSION = YES;
				CLANG_WARN_OBJC_ROOT_CLASS = YES_ERROR;
				CLANG_WARN__DUPLICATE_METHOD_MATCH = YES;
				"CODE_SIGN_IDENTITY[sdk=iphoneos*]" = "iPhone Developer";
				COPY_PHASE_STRIP = YES;
				ENABLE_NS_ASSERTIONS = NO;
				GCC_C_LANGUAGE_STANDARD = gnu99;
				GCC_WARN_64_TO_32_BIT_CONVERSION = YES;
				GCC_WARN_ABOUT_RETURN_TYPE = YES_ERROR;
				GCC_WARN_UNDECLARED_SELECTOR = YES;
				GCC_WARN_UNINITIALIZED_AUTOS = YES_AGGRESSIVE;
				GCC_WARN_UNUSED_FUNCTION = YES;
				GCC_WARN_UNUSED_VARIABLE = YES;
				IPHONEOS_DEPLOYMENT_TARGET = 7.1;
				SDKROOT = iphoneos;
				VALIDATE_PRODUCT = YES;
			};
			name = Release;
		};
		934621AA19B698E700A8CCF7 /* Debug */ = {
			isa = XCBuildConfiguration;
			buildSettings = {
				ASSETCATALOG_COMPILER_APPICON_NAME = AppIcon;
				ASSETCATALOG_COMPILER_LAUNCHIMAGE_NAME = LaunchImage;
				GCC_PRECOMPILE_PREFIX_HEADER = YES;
				GCC_PREFIX_HEADER = "basic-chat-server-client/basic-chat-server-client-Prefix.pch";
				INFOPLIST_FILE = "basic-chat-server-client/basic-chat-server-client-Info.plist";
				PRODUCT_NAME = "$(TARGET_NAME)";
				WRAPPER_EXTENSION = app;
			};
			name = Debug;
		};
		934621AB19B698E700A8CCF7 /* Release */ = {
			isa = XCBuildConfiguration;
			buildSettings = {
				ASSETCATALOG_COMPILER_APPICON_NAME = AppIcon;
				ASSETCATALOG_COMPILER_LAUNCHIMAGE_NAME = LaunchImage;
				GCC_PRECOMPILE_PREFIX_HEADER = YES;
				GCC_PREFIX_HEADER = "basic-chat-server-client/basic-chat-server-client-Prefix.pch";
				INFOPLIST_FILE = "basic-chat-server-client/basic-chat-server-client-Info.plist";
				PRODUCT_NAME = "$(TARGET_NAME)";
				WRAPPER_EXTENSION = app;
			};
			name = Release;
		};
		934621AD19B698E700A8CCF7 /* Debug */ = {
			isa = XCBuildConfiguration;
			buildSettings = {
				BUNDLE_LOADER = "$(BUILT_PRODUCTS_DIR)/basic-chat-server-client.app/basic-chat-server-client";
				FRAMEWORK_SEARCH_PATHS = (
					"$(SDKROOT)/Developer/Library/Frameworks",
					"$(inherited)",
					"$(DEVELOPER_FRAMEWORKS_DIR)",
				);
				GCC_PRECOMPILE_PREFIX_HEADER = YES;
				GCC_PREFIX_HEADER = "basic-chat-server-client/basic-chat-server-client-Prefix.pch";
				GCC_PREPROCESSOR_DEFINITIONS = (
					"DEBUG=1",
					"$(inherited)",
				);
				INFOPLIST_FILE = "basic-chat-server-clientTests/basic-chat-server-clientTests-Info.plist";
				PRODUCT_NAME = "$(TARGET_NAME)";
				TEST_HOST = "$(BUNDLE_LOADER)";
				WRAPPER_EXTENSION = xctest;
			};
			name = Debug;
		};
		934621AE19B698E700A8CCF7 /* Release */ = {
			isa = XCBuildConfiguration;
			buildSettings = {
				BUNDLE_LOADER = "$(BUILT_PRODUCTS_DIR)/basic-chat-server-client.app/basic-chat-server-client";
				FRAMEWORK_SEARCH_PATHS = (
					"$(SDKROOT)/Developer/Library/Frameworks",
					"$(inherited)",
					"$(DEVELOPER_FRAMEWORKS_DIR)",
				);
				GCC_PRECOMPILE_PREFIX_HEADER = YES;
				GCC_PREFIX_HEADER = "basic-chat-server-client/basic-chat-server-client-Prefix.pch";
				INFOPLIST_FILE = "basic-chat-server-clientTests/basic-chat-server-clientTests-Info.plist";
				PRODUCT_NAME = "$(TARGET_NAME)";
				TEST_HOST = "$(BUNDLE_LOADER)";
				WRAPPER_EXTENSION = xctest;
			};
			name = Release;
		};
/* End XCBuildConfiguration section */

/* Begin XCConfigurationList section */
		9346217219B698E700A8CCF7 /* Build configuration list for PBXProject "basic-chat-server-client" */ = {
			isa = XCConfigurationList;
			buildConfigurations = (
				934621A719B698E700A8CCF7 /* Debug */,
				934621A819B698E700A8CCF7 /* Release */,
			);
			defaultConfigurationIsVisible = 0;
			defaultConfigurationName = Release;
		};
		934621A919B698E700A8CCF7 /* Build configuration list for PBXNativeTarget "basic-chat-server-client" */ = {
			isa = XCConfigurationList;
			buildConfigurations = (
				934621AA19B698E700A8CCF7 /* Debug */,
				934621AB19B698E700A8CCF7 /* Release */,
			);
			defaultConfigurationIsVisible = 0;
		};
		934621AC19B698E700A8CCF7 /* Build configuration list for PBXNativeTarget "basic-chat-server-clientTests" */ = {
			isa = XCConfigurationList;
			buildConfigurations = (
				934621AD19B698E700A8CCF7 /* Debug */,
				934621AE19B698E700A8CCF7 /* Release */,
			);
			defaultConfigurationIsVisible = 0;
		};
/* End XCConfigurationList section */
	};
	rootObject = 9346216F19B698E700A8CCF7 /* Project object */;
}
